// !$*UTF8*$!
{
	archiveVersion = 1;
	classes = {
	};
	objectVersion = 50;
	objects = {

/* Begin PBXBuildFile section */
		5D29160526C0C63C0054F454 /* AppDelegate.swift in Sources */ = {isa = PBXBuildFile; fileRef = 5D29160426C0C63C0054F454 /* AppDelegate.swift */; };
		5D29160726C0C63C0054F454 /* SceneDelegate.swift in Sources */ = {isa = PBXBuildFile; fileRef = 5D29160626C0C63C0054F454 /* SceneDelegate.swift */; };
		5D29160926C0C63C0054F454 /* ViewController.swift in Sources */ = {isa = PBXBuildFile; fileRef = 5D29160826C0C63C0054F454 /* ViewController.swift */; };
		5D29160C26C0C63C0054F454 /* Main.storyboard in Resources */ = {isa = PBXBuildFile; fileRef = 5D29160A26C0C63C0054F454 /* Main.storyboard */; };
		5D29160E26C0C63D0054F454 /* Assets.xcassets in Resources */ = {isa = PBXBuildFile; fileRef = 5D29160D26C0C63D0054F454 /* Assets.xcassets */; };
		5D29161126C0C63D0054F454 /* LaunchScreen.storyboard in Resources */ = {isa = PBXBuildFile; fileRef = 5D29160F26C0C63D0054F454 /* LaunchScreen.storyboard */; };
		5D29161A26C0C6EF0054F454 /* GiveGift.swift in Sources */ = {isa = PBXBuildFile; fileRef = 5D29161926C0C6EF0054F454 /* GiveGift.swift */; };
		5D29161C26C0C7200054F454 /* Girl.swift in Sources */ = {isa = PBXBuildFile; fileRef = 5D29161B26C0C7200054F454 /* Girl.swift */; };
		5D29161E26C0C7700054F454 /* GiveProxy.swift in Sources */ = {isa = PBXBuildFile; fileRef = 5D29161D26C0C7700054F454 /* GiveProxy.swift */; };
		5D29162026C0C77F0054F454 /* Pursuit.swift in Sources */ = {isa = PBXBuildFile; fileRef = 5D29161F26C0C77F0054F454 /* Pursuit.swift */; };
/* End PBXBuildFile section */

/* Begin PBXFileReference section */
		5D29160126C0C63C0054F454 /* ProxyPattern.app */ = {isa = PBXFileReference; explicitFileType = wrapper.application; includeInIndex = 0; path = ProxyPattern.app; sourceTree = BUILT_PRODUCTS_DIR; };
		5D29160426C0C63C0054F454 /* AppDelegate.swift */ = {isa = PBXFileReference; lastKnownFileType = sourcecode.swift; path = AppDelegate.swift; sourceTree = "<group>"; };
		5D29160626C0C63C0054F454 /* SceneDelegate.swift */ = {isa = PBXFileReference; lastKnownFileType = sourcecode.swift; path = SceneDelegate.swift; sourceTree = "<group>"; };
		5D29160826C0C63C0054F454 /* ViewController.swift */ = {isa = PBXFileReference; lastKnownFileType = sourcecode.swift; path = ViewController.swift; sourceTree = "<group>"; };
		5D29160B26C0C63C0054F454 /* Base */ = {isa = PBXFileReference; lastKnownFileType = file.storyboard; name = Base; path = Base.lproj/Main.storyboard; sourceTree = "<group>"; };
		5D29160D26C0C63D0054F454 /* Assets.xcassets */ = {isa = PBXFileReference; lastKnownFileType = folder.assetcatalog; path = Assets.xcassets; sourceTree = "<group>"; };
		5D29161026C0C63D0054F454 /* Base */ = {isa = PBXFileReference; lastKnownFileType = file.storyboard; name = Base; path = Base.lproj/LaunchScreen.storyboard; sourceTree = "<group>"; };
		5D29161226C0C63D0054F454 /* Info.plist */ = {isa = PBXFileReference; lastKnownFileType = text.plist.xml; path = Info.plist; sourceTree = "<group>"; };
		5D29161926C0C6EF0054F454 /* GiveGift.swift */ = {isa = PBXFileReference; lastKnownFileType = sourcecode.swift; path = GiveGift.swift; sourceTree = "<group>"; };
		5D29161B26C0C7200054F454 /* Girl.swift */ = {isa = PBXFileReference; lastKnownFileType = sourcecode.swift; path = Girl.swift; sourceTree = "<group>"; };
		5D29161D26C0C7700054F454 /* GiveProxy.swift */ = {isa = PBXFileReference; lastKnownFileType = sourcecode.swift; path = GiveProxy.swift; sourceTree = "<group>"; };
		5D29161F26C0C77F0054F454 /* Pursuit.swift */ = {isa = PBXFileReference; lastKnownFileType = sourcecode.swift; path = Pursuit.swift; sourceTree = "<group>"; };
/* End PBXFileReference section */

/* Begin PBXFrameworksBuildPhase section */
		5D2915FE26C0C63C0054F454 /* Frameworks */ = {
			isa = PBXFrameworksBuildPhase;
			buildActionMask = 2147483647;
			files = (
			);
			runOnlyForDeploymentPostprocessing = 0;
		};
/* End PBXFrameworksBuildPhase section */

/* Begin PBXGroup section */
		5D2915F826C0C63C0054F454 = {
			isa = PBXGroup;
			children = (
				5D29160326C0C63C0054F454 /* ProxyPattern */,
				5D29160226C0C63C0054F454 /* Products */,
			);
			sourceTree = "<group>";
		};
		5D29160226C0C63C0054F454 /* Products */ = {
			isa = PBXGroup;
			children = (
				5D29160126C0C63C0054F454 /* ProxyPattern.app */,
			);
			name = Products;
			sourceTree = "<group>";
		};
		5D29160326C0C63C0054F454 /* ProxyPattern */ = {
			isa = PBXGroup;
			children = (
				5D29161826C0C6510054F454 /* ProxyPattern */,
				5D29160426C0C63C0054F454 /* AppDelegate.swift */,
				5D29160626C0C63C0054F454 /* SceneDelegate.swift */,
				5D29160826C0C63C0054F454 /* ViewController.swift */,
				5D29160A26C0C63C0054F454 /* Main.storyboard */,
				5D29160D26C0C63D0054F454 /* Assets.xcassets */,
				5D29160F26C0C63D0054F454 /* LaunchScreen.storyboard */,
				5D29161226C0C63D0054F454 /* Info.plist */,
			);
			path = ProxyPattern;
			sourceTree = "<group>";
		};
		5D29161826C0C6510054F454 /* ProxyPattern */ = {
			isa = PBXGroup;
			children = (
				5D29161926C0C6EF0054F454 /* GiveGift.swift */,
				5D29161B26C0C7200054F454 /* Girl.swift */,
				5D29161F26C0C77F0054F454 /* Pursuit.swift */,
				5D29161D26C0C7700054F454 /* GiveProxy.swift */,
			);
			path = ProxyPattern;
			sourceTree = "<group>";
		};
/* End PBXGroup section */

/* Begin PBXNativeTarget section */
		5D29160026C0C63C0054F454 /* ProxyPattern */ = {
			isa = PBXNativeTarget;
			buildConfigurationList = 5D29161526C0C63D0054F454 /* Build configuration list for PBXNativeTarget "ProxyPattern" */;
			buildPhases = (
				5D2915FD26C0C63C0054F454 /* Sources */,
				5D2915FE26C0C63C0054F454 /* Frameworks */,
				5D2915FF26C0C63C0054F454 /* Resources */,
			);
			buildRules = (
			);
			dependencies = (
			);
			name = ProxyPattern;
			productName = ProxyPattern;
			productReference = 5D29160126C0C63C0054F454 /* ProxyPattern.app */;
			productType = "com.apple.product-type.application";
		};
/* End PBXNativeTarget section */

/* Begin PBXProject section */
		5D2915F926C0C63C0054F454 /* Project object */ = {
			isa = PBXProject;
			attributes = {
				LastSwiftUpdateCheck = 1250;
				LastUpgradeCheck = 1250;
				TargetAttributes = {
					5D29160026C0C63C0054F454 = {
						CreatedOnToolsVersion = 12.5.1;
					};
				};
			};
			buildConfigurationList = 5D2915FC26C0C63C0054F454 /* Build configuration list for PBXProject "ProxyPattern" */;
			compatibilityVersion = "Xcode 9.3";
			developmentRegion = en;
			hasScannedForEncodings = 0;
			knownRegions = (
				en,
				Base,
			);
			mainGroup = 5D2915F826C0C63C0054F454;
			productRefGroup = 5D29160226C0C63C0054F454 /* Products */;
			projectDirPath = "";
			projectRoot = "";
			targets = (
				5D29160026C0C63C0054F454 /* ProxyPattern */,
			);
		};
/* End PBXProject section */

/* Begin PBXResourcesBuildPhase section */
		5D2915FF26C0C63C0054F454 /* Resources */ = {
			isa = PBXResourcesBuildPhase;
			buildActionMask = 2147483647;
			files = (
				5D29161126C0C63D0054F454 /* LaunchScreen.storyboard in Resources */,
				5D29160E26C0C63D0054F454 /* Assets.xcassets in Resources */,
				5D29160C26C0C63C0054F454 /* Main.storyboard in Resources */,
			);
			runOnlyForDeploymentPostprocessing = 0;
		};
/* End PBXResourcesBuildPhase section */

/* Begin PBXSourcesBuildPhase section */
		5D2915FD26C0C63C0054F454 /* Sources */ = {
			isa = PBXSourcesBuildPhase;
			buildActionMask = 2147483647;
			files = (
				5D29162026C0C77F0054F454 /* Pursuit.swift in Sources */,
				5D29161C26C0C7200054F454 /* Girl.swift in Sources */,
				5D29161E26C0C7700054F454 /* GiveProxy.swift in Sources */,
				5D29160926C0C63C0054F454 /* ViewController.swift in Sources */,
				5D29160526C0C63C0054F454 /* AppDelegate.swift in Sources */,
				5D29161A26C0C6EF0054F454 /* GiveGift.swift in Sources */,
				5D29160726C0C63C0054F454 /* SceneDelegate.swift in Sources */,
			);
			runOnlyForDeploymentPostprocessing = 0;
		};
/* End PBXSourcesBuildPhase section */

/* Begin PBXVariantGroup section */
		5D29160A26C0C63C0054F454 /* Main.storyboard */ = {
			isa = PBXVariantGroup;
			children = (
				5D29160B26C0C63C0054F454 /* Base */,
			);
			name = Main.storyboard;
			sourceTree = "<group>";
		};
		5D29160F26C0C63D0054F454 /* LaunchScreen.storyboard */ = {
			isa = PBXVariantGroup;
			children = (
				5D29161026C0C63D0054F454 /* Base */,
			);
			name = LaunchScreen.storyboard;
			sourceTree = "<group>";
		};
/* End PBXVariantGroup section */

/* Begin XCBuildConfiguration section */
		5D29161326C0C63D0054F454 /* Debug */ = {
			isa = XCBuildConfiguration;
			buildSettings = {
				ALWAYS_SEARCH_USER_PATHS = NO;
				CLANG_ANALYZER_NONNULL = YES;
				CLANG_ANALYZER_NUMBER_OBJECT_CONVERSION = YES_AGGRESSIVE;
				CLANG_CXX_LANGUAGE_STANDARD = "gnu++14";
				CLANG_CXX_LIBRARY = "libc++";
				CLANG_ENABLE_MODULES = YES;
				CLANG_ENABLE_OBJC_ARC = YES;
				CLANG_ENABLE_OBJC_WEAK = YES;
				CLANG_WARN_BLOCK_CAPTURE_AUTORELEASING = YES;
				CLANG_WARN_BOOL_CONVERSION = YES;
				CLANG_WARN_COMMA = YES;
				CLANG_WARN_CONSTANT_CONVERSION = YES;
				CLANG_WARN_DEPRECATED_OBJC_IMPLEMENTATIONS = YES;
				CLANG_WARN_DIRECT_OBJC_ISA_USAGE = YES_ERROR;
				CLANG_WARN_DOCUMENTATION_COMMENTS = YES;
				CLANG_WARN_EMPTY_BODY = YES;
				CLANG_WARN_ENUM_CONVERSION = YES;
				CLANG_WARN_INFINITE_RECURSION = YES;
				CLANG_WARN_INT_CONVERSION = YES;
				CLANG_WARN_NON_LITERAL_NULL_CONVERSION = YES;
				CLANG_WARN_OBJC_IMPLICIT_RETAIN_SELF = YES;
				CLANG_WARN_OBJC_LITERAL_CONVERSION = YES;
				CLANG_WARN_OBJC_ROOT_CLASS = YES_ERROR;
				CLANG_WARN_QUOTED_INCLUDE_IN_FRAMEWORK_HEADER = YES;
				CLANG_WARN_RANGE_LOOP_ANALYSIS = YES;
				CLANG_WARN_STRICT_PROTOTYPES = YES;
				CLANG_WARN_SUSPICIOUS_MOVE = YES;
				CLANG_WARN_UNGUARDED_AVAILABILITY = YES_AGGRESSIVE;
				CLANG_WARN_UNREACHABLE_CODE = YES;
				CLANG_WARN__DUPLICATE_METHOD_MATCH = YES;
				COPY_PHASE_STRIP = NO;
				DEBUG_INFORMATION_FORMAT = dwarf;
				ENABLE_STRICT_OBJC_MSGSEND = YES;
				ENABLE_TESTABILITY = YES;
				GCC_C_LANGUAGE_STANDARD = gnu11;
				GCC_DYNAMIC_NO_PIC = NO;
				GCC_NO_COMMON_BLOCKS = YES;
				GCC_OPTIMIZATION_LEVEL = 0;
				GCC_PREPROCESSOR_DEFINITIONS = (
					"DEBUG=1",
					"$(inherited)",
				);
				GCC_WARN_64_TO_32_BIT_CONVERSION = YES;
				GCC_WARN_ABOUT_RETURN_TYPE = YES_ERROR;
				GCC_WARN_UNDECLARED_SELECTOR = YES;
				GCC_WARN_UNINITIALIZED_AUTOS = YES_AGGRESSIVE;
				GCC_WARN_UNUSED_FUNCTION = YES;
				GCC_WARN_UNUSED_VARIABLE = YES;
				IPHONEOS_DEPLOYMENT_TARGET = 14.5;
				MTL_ENABLE_DEBUG_INFO = INCLUDE_SOURCE;
				MTL_FAST_MATH = YES;
				ONLY_ACTIVE_ARCH = YES;
				SDKROOT = iphoneos;
				SWIFT_ACTIVE_COMPILATION_CONDITIONS = DEBUG;
				SWIFT_OPTIMIZATION_LEVEL = "-Onone";
			};
			name = Debug;
		};
		5D29161426C0C63D0054F454 /* Release */ = {
			isa = XCBuildConfiguration;
			buildSettings = {
				ALWAYS_SEARCH_USER_PATHS = NO;
				CLANG_ANALYZER_NONNULL = YES;
				CLANG_ANALYZER_NUMBER_OBJECT_CONVERSION = YES_AGGRESSIVE;
				CLANG_CXX_LANGUAGE_STANDARD = "gnu++14";
				CLANG_CXX_LIBRARY = "libc++";
				CLANG_ENABLE_MODULES = YES;
				CLANG_ENABLE_OBJC_ARC = YES;
				CLANG_ENABLE_OBJC_WEAK = YES;
				CLANG_WARN_BLOCK_CAPTURE_AUTORELEASING = YES;
				CLANG_WARN_BOOL_CONVERSION = YES;
				CLANG_WARN_COMMA = YES;
				CLANG_WARN_CONSTANT_CONVERSION = YES;
				CLANG_WARN_DEPRECATED_OBJC_IMPLEMENTATIONS = YES;
				CLANG_WARN_DIRECT_OBJC_ISA_USAGE = YES_ERROR;
				CLANG_WARN_DOCUMENTATION_COMMENTS = YES;
				CLANG_WARN_EMPTY_BODY = YES;
				CLANG_WARN_ENUM_CONVERSION = YES;
				CLANG_WARN_INFINITE_RECURSION = YES;
				CLANG_WARN_INT_CONVERSION = YES;
				CLANG_WARN_NON_LITERAL_NULL_CONVERSION = YES;
				CLANG_WARN_OBJC_IMPLICIT_RETAIN_SELF = YES;
				CLANG_WARN_OBJC_LITERAL_CONVERSION = YES;
				CLANG_WARN_OBJC_ROOT_CLASS = YES_ERROR;
				CLANG_WARN_QUOTED_INCLUDE_IN_FRAMEWORK_HEADER = YES;
				CLANG_WARN_RANGE_LOOP_ANALYSIS = YES;
				CLANG_WARN_STRICT_PROTOTYPES = YES;
				CLANG_WARN_SUSPICIOUS_MOVE = YES;
				CLANG_WARN_UNGUARDED_AVAILABILITY = YES_AGGRESSIVE;
				CLANG_WARN_UNREACHABLE_CODE = YES;
				CLANG_WARN__DUPLICATE_METHOD_MATCH = YES;
				COPY_PHASE_STRIP = NO;
				DEBUG_INFORMATION_FORMAT = "dwarf-with-dsym";
				ENABLE_NS_ASSERTIONS = NO;
				ENABLE_STRICT_OBJC_MSGSEND = YES;
				GCC_C_LANGUAGE_STANDARD = gnu11;
				GCC_NO_COMMON_BLOCKS = YES;
				GCC_WARN_64_TO_32_BIT_CONVERSION = YES;
				GCC_WARN_ABOUT_RETURN_TYPE = YES_ERROR;
				GCC_WARN_UNDECLARED_SELECTOR = YES;
				GCC_WARN_UNINITIALIZED_AUTOS = YES_AGGRESSIVE;
				GCC_WARN_UNUSED_FUNCTION = YES;
				GCC_WARN_UNUSED_VARIABLE = YES;
				IPHONEOS_DEPLOYMENT_TARGET = 14.5;
				MTL_ENABLE_DEBUG_INFO = NO;
				MTL_FAST_MATH = YES;
				SDKROOT = iphoneos;
				SWIFT_COMPILATION_MODE = wholemodule;
				SWIFT_OPTIMIZATION_LEVEL = "-O";
				VALIDATE_PRODUCT = YES;
			};
			name = Release;
		};
		5D29161626C0C63D0054F454 /* Debug */ = {
			isa = XCBuildConfiguration;
			buildSettings = {
				ASSETCATALOG_COMPILER_APPICON_NAME = AppIcon;
				ASSETCATALOG_COMPILER_GLOBAL_ACCENT_COLOR_NAME = AccentColor;
				CODE_SIGN_STYLE = Automatic;
				INFOPLIST_FILE = ProxyPattern/Info.plist;
				LD_RUNPATH_SEARCH_PATHS = (
					"$(inherited)",
					"@executable_path/Frameworks",
				);
				PRODUCT_BUNDLE_IDENTIFIER = "com.lei-wen.ProxyPattern";
				PRODUCT_NAME = "$(TARGET_NAME)";
				SWIFT_VERSION = 5.0;
				TARGETED_DEVICE_FAMILY = "1,2";
			};
			name = Debug;
		};
		5D29161726C0C63D0054F454 /* Release */ = {
			isa = XCBuildConfiguration;
			buildSettings = {
				ASSETCATALOG_COMPILER_APPICON_NAME = AppIcon;
				ASSETCATALOG_COMPILER_GLOBAL_ACCENT_COLOR_NAME = AccentColor;
				CODE_SIGN_STYLE = Automatic;
				INFOPLIST_FILE = ProxyPattern/Info.plist;
				LD_RUNPATH_SEARCH_PATHS = (
					"$(inherited)",
					"@executable_path/Frameworks",
				);
				PRODUCT_BUNDLE_IDENTIFIER = "com.lei-wen.ProxyPattern";
				PRODUCT_NAME = "$(TARGET_NAME)";
				SWIFT_VERSION = 5.0;
				TARGETED_DEVICE_FAMILY = "1,2";
			};
			name = Release;
		};
/* End XCBuildConfiguration section */

/* Begin XCConfigurationList section */
		5D2915FC26C0C63C0054F454 /* Build configuration list for PBXProject "ProxyPattern" */ = {
			isa = XCConfigurationList;
			buildConfigurations = (
				5D29161326C0C63D0054F454 /* Debug */,
				5D29161426C0C63D0054F454 /* Release */,
			);
			defaultConfigurationIsVisible = 0;
			defaultConfigurationName = Release;
		};
		5D29161526C0C63D0054F454 /* Build configuration list for PBXNativeTarget "ProxyPattern" */ = {
			isa = XCConfigurationList;
			buildConfigurations = (
				5D29161626C0C63D0054F454 /* Debug */,
				5D29161726C0C63D0054F454 /* Release */,
			);
			defaultConfigurationIsVisible = 0;
			defaultConfigurationName = Release;
		};
/* End XCConfigurationList section */
	};
	rootObject = 5D2915F926C0C63C0054F454 /* Project object */;
}
